
Microsoft Visual Studio Solution File, Format Version 12.00
# Visual Studio 14
VisualStudioVersion = 14.0.25420.1
MinimumVisualStudioVersion = 10.0.40219.1
Project("{2150E333-8FDC-42A3-9474-1A3956D46DE8}") = "src", "src", "{9CDEAD74-5C90-4C1E-93E7-BA788B241D8C}"
EndProject
Project("{2150E333-8FDC-42A3-9474-1A3956D46DE8}") = "Solution Items", "Solution Items", "{0B284336-FF4B-403A-A6F7-52C35569135C}"
	ProjectSection(SolutionItems) = preProject
		global.json = global.json
	EndProjectSection
EndProject
Project("{8BB2217D-0F2D-49D1-97BC-3654ED321F3B}") = "Calculator", "src\Calculator\Calculator.xproj", "{5425C0B2-6C87-4670-8D21-3A086809C4D3}"
EndProject
Project("{FAE04EC0-301F-11D3-BF4B-00C04F79EFBC}") = "MobileApp.Droid", "src\MobileApp\MobileApp.Droid\MobileApp.Droid.csproj", "{B2818034-6E3A-4E6D-B9AF-729DD2B1A529}"
	ProjectSection(ProjectDependencies) = postProject
		{3B493786-0676-4C92-B4DA-7BF55026E8B8} = {3B493786-0676-4C92-B4DA-7BF55026E8B8}
	EndProjectSection
EndProject
Project("{FAE04EC0-301F-11D3-BF4B-00C04F79EFBC}") = "MobileApp.iOS", "src\MobileApp\MobileApp.iOS\MobileApp.iOS.csproj", "{51719D7F-AA3E-4542-A268-A79AEB89F28C}"
	ProjectSection(ProjectDependencies) = postProject
		{3B493786-0676-4C92-B4DA-7BF55026E8B8} = {3B493786-0676-4C92-B4DA-7BF55026E8B8}
	EndProjectSection
EndProject
Project("{FAE04EC0-301F-11D3-BF4B-00C04F79EFBC}") = "MobileApp", "src\MobileApp\MobileApp\MobileApp.csproj", "{3B493786-0676-4C92-B4DA-7BF55026E8B8}"
EndProject
Global
	GlobalSection(SolutionConfigurationPlatforms) = preSolution
		Ad-Hoc|Any CPU = Ad-Hoc|Any CPU
		Ad-Hoc|ARM = Ad-Hoc|ARM
		Ad-Hoc|iPhone = Ad-Hoc|iPhone
		Ad-Hoc|iPhoneSimulator = Ad-Hoc|iPhoneSimulator
		Ad-Hoc|x64 = Ad-Hoc|x64
		Ad-Hoc|x86 = Ad-Hoc|x86
		AppStore|Any CPU = AppStore|Any CPU
		AppStore|ARM = AppStore|ARM
		AppStore|iPhone = AppStore|iPhone
		AppStore|iPhoneSimulator = AppStore|iPhoneSimulator
		AppStore|x64 = AppStore|x64
		AppStore|x86 = AppStore|x86
		Debug|Any CPU = Debug|Any CPU
		Debug|ARM = Debug|ARM
		Debug|iPhone = Debug|iPhone
		Debug|iPhoneSimulator = Debug|iPhoneSimulator
		Debug|x64 = Debug|x64
		Debug|x86 = Debug|x86
		Release|Any CPU = Release|Any CPU
		Release|ARM = Release|ARM
		Release|iPhone = Release|iPhone
		Release|iPhoneSimulator = Release|iPhoneSimulator
		Release|x64 = Release|x64
		Release|x86 = Release|x86
	EndGlobalSection
	GlobalSection(ProjectConfigurationPlatforms) = postSolution
		{5425C0B2-6C87-4670-8D21-3A086809C4D3}.Ad-Hoc|Any CPU.ActiveCfg = Release|Any CPU
		{5425C0B2-6C87-4670-8D21-3A086809C4D3}.Ad-Hoc|Any CPU.Build.0 = Release|Any CPU
		{5425C0B2-6C87-4670-8D21-3A086809C4D3}.Ad-Hoc|ARM.ActiveCfg = Release|Any CPU
		{5425C0B2-6C87-4670-8D21-3A086809C4D3}.Ad-Hoc|ARM.Build.0 = Release|Any CPU
		{5425C0B2-6C87-4670-8D21-3A086809C4D3}.Ad-Hoc|iPhone.ActiveCfg = Release|Any CPU
		{5425C0B2-6C87-4670-8D21-3A086809C4D3}.Ad-Hoc|iPhone.Build.0 = Release|Any CPU
		{5425C0B2-6C87-4670-8D21-3A086809C4D3}.Ad-Hoc|iPhoneSimulator.ActiveCfg = Release|Any CPU
		{5425C0B2-6C87-4670-8D21-3A086809C4D3}.Ad-Hoc|iPhoneSimulator.Build.0 = Release|Any CPU
		{5425C0B2-6C87-4670-8D21-3A086809C4D3}.Ad-Hoc|x64.ActiveCfg = Release|Any CPU
		{5425C0B2-6C87-4670-8D21-3A086809C4D3}.Ad-Hoc|x64.Build.0 = Release|Any CPU
		{5425C0B2-6C87-4670-8D21-3A086809C4D3}.Ad-Hoc|x86.ActiveCfg = Release|Any CPU
		{5425C0B2-6C87-4670-8D21-3A086809C4D3}.Ad-Hoc|x86.Build.0 = Release|Any CPU
		{5425C0B2-6C87-4670-8D21-3A086809C4D3}.AppStore|Any CPU.ActiveCfg = Release|Any CPU
		{5425C0B2-6C87-4670-8D21-3A086809C4D3}.AppStore|Any CPU.Build.0 = Release|Any CPU
		{5425C0B2-6C87-4670-8D21-3A086809C4D3}.AppStore|ARM.ActiveCfg = Release|Any CPU
		{5425C0B2-6C87-4670-8D21-3A086809C4D3}.AppStore|ARM.Build.0 = Release|Any CPU
		{5425C0B2-6C87-4670-8D21-3A086809C4D3}.AppStore|iPhone.ActiveCfg = Release|Any CPU
		{5425C0B2-6C87-4670-8D21-3A086809C4D3}.AppStore|iPhone.Build.0 = Release|Any CPU
		{5425C0B2-6C87-4670-8D21-3A086809C4D3}.AppStore|iPhoneSimulator.ActiveCfg = Release|Any CPU
		{5425C0B2-6C87-4670-8D21-3A086809C4D3}.AppStore|iPhoneSimulator.Build.0 = Release|Any CPU
		{5425C0B2-6C87-4670-8D21-3A086809C4D3}.AppStore|x64.ActiveCfg = Release|Any CPU
		{5425C0B2-6C87-4670-8D21-3A086809C4D3}.AppStore|x64.Build.0 = Release|Any CPU
		{5425C0B2-6C87-4670-8D21-3A086809C4D3}.AppStore|x86.ActiveCfg = Release|Any CPU
		{5425C0B2-6C87-4670-8D21-3A086809C4D3}.AppStore|x86.Build.0 = Release|Any CPU
		{5425C0B2-6C87-4670-8D21-3A086809C4D3}.Debug|Any CPU.ActiveCfg = Debug|Any CPU
		{5425C0B2-6C87-4670-8D21-3A086809C4D3}.Debug|Any CPU.Build.0 = Debug|Any CPU
		{5425C0B2-6C87-4670-8D21-3A086809C4D3}.Debug|ARM.ActiveCfg = Debug|Any CPU
		{5425C0B2-6C87-4670-8D21-3A086809C4D3}.Debug|ARM.Build.0 = Debug|Any CPU
		{5425C0B2-6C87-4670-8D21-3A086809C4D3}.Debug|iPhone.ActiveCfg = Debug|Any CPU
		{5425C0B2-6C87-4670-8D21-3A086809C4D3}.Debug|iPhone.Build.0 = Debug|Any CPU
		{5425C0B2-6C87-4670-8D21-3A086809C4D3}.Debug|iPhoneSimulator.ActiveCfg = Debug|Any CPU
		{5425C0B2-6C87-4670-8D21-3A086809C4D3}.Debug|iPhoneSimulator.Build.0 = Debug|Any CPU
		{5425C0B2-6C87-4670-8D21-3A086809C4D3}.Debug|x64.ActiveCfg = Debug|Any CPU
		{5425C0B2-6C87-4670-8D21-3A086809C4D3}.Debug|x64.Build.0 = Debug|Any CPU
		{5425C0B2-6C87-4670-8D21-3A086809C4D3}.Debug|x86.ActiveCfg = Debug|Any CPU
		{5425C0B2-6C87-4670-8D21-3A086809C4D3}.Debug|x86.Build.0 = Debug|Any CPU
		{5425C0B2-6C87-4670-8D21-3A086809C4D3}.Release|Any CPU.ActiveCfg = Release|Any CPU
		{5425C0B2-6C87-4670-8D21-3A086809C4D3}.Release|Any CPU.Build.0 = Release|Any CPU
		{5425C0B2-6C87-4670-8D21-3A086809C4D3}.Release|ARM.ActiveCfg = Release|Any CPU
		{5425C0B2-6C87-4670-8D21-3A086809C4D3}.Release|ARM.Build.0 = Release|Any CPU
		{5425C0B2-6C87-4670-8D21-3A086809C4D3}.Release|iPhone.ActiveCfg = Release|Any CPU
		{5425C0B2-6C87-4670-8D21-3A086809C4D3}.Release|iPhone.Build.0 = Release|Any CPU
		{5425C0B2-6C87-4670-8D21-3A086809C4D3}.Release|iPhoneSimulator.ActiveCfg = Release|Any CPU
		{5425C0B2-6C87-4670-8D21-3A086809C4D3}.Release|iPhoneSimulator.Build.0 = Release|Any CPU
		{5425C0B2-6C87-4670-8D21-3A086809C4D3}.Release|x64.ActiveCfg = Release|Any CPU
		{5425C0B2-6C87-4670-8D21-3A086809C4D3}.Release|x64.Build.0 = Release|Any CPU
		{5425C0B2-6C87-4670-8D21-3A086809C4D3}.Release|x86.ActiveCfg = Release|Any CPU
		{5425C0B2-6C87-4670-8D21-3A086809C4D3}.Release|x86.Build.0 = Release|Any CPU
		{B2818034-6E3A-4E6D-B9AF-729DD2B1A529}.Ad-Hoc|Any CPU.ActiveCfg = Release|Any CPU
		{B2818034-6E3A-4E6D-B9AF-729DD2B1A529}.Ad-Hoc|Any CPU.Build.0 = Release|Any CPU
		{B2818034-6E3A-4E6D-B9AF-729DD2B1A529}.Ad-Hoc|Any CPU.Deploy.0 = Release|Any CPU
		{B2818034-6E3A-4E6D-B9AF-729DD2B1A529}.Ad-Hoc|ARM.ActiveCfg = Release|Any CPU
		{B2818034-6E3A-4E6D-B9AF-729DD2B1A529}.Ad-Hoc|ARM.Build.0 = Release|Any CPU
		{B2818034-6E3A-4E6D-B9AF-729DD2B1A529}.Ad-Hoc|ARM.Deploy.0 = Release|Any CPU
		{B2818034-6E3A-4E6D-B9AF-729DD2B1A529}.Ad-Hoc|iPhone.ActiveCfg = Release|Any CPU
		{B2818034-6E3A-4E6D-B9AF-729DD2B1A529}.Ad-Hoc|iPhone.Build.0 = Release|Any CPU
		{B2818034-6E3A-4E6D-B9AF-729DD2B1A529}.Ad-Hoc|iPhone.Deploy.0 = Release|Any CPU
		{B2818034-6E3A-4E6D-B9AF-729DD2B1A529}.Ad-Hoc|iPhoneSimulator.ActiveCfg = Release|Any CPU
		{B2818034-6E3A-4E6D-B9AF-729DD2B1A529}.Ad-Hoc|iPhoneSimulator.Build.0 = Release|Any CPU
		{B2818034-6E3A-4E6D-B9AF-729DD2B1A529}.Ad-Hoc|iPhoneSimulator.Deploy.0 = Release|Any CPU
		{B2818034-6E3A-4E6D-B9AF-729DD2B1A529}.Ad-Hoc|x64.ActiveCfg = Release|Any CPU
		{B2818034-6E3A-4E6D-B9AF-729DD2B1A529}.Ad-Hoc|x64.Build.0 = Release|Any CPU
		{B2818034-6E3A-4E6D-B9AF-729DD2B1A529}.Ad-Hoc|x64.Deploy.0 = Release|Any CPU
		{B2818034-6E3A-4E6D-B9AF-729DD2B1A529}.Ad-Hoc|x86.ActiveCfg = Release|Any CPU
		{B2818034-6E3A-4E6D-B9AF-729DD2B1A529}.Ad-Hoc|x86.Build.0 = Release|Any CPU
		{B2818034-6E3A-4E6D-B9AF-729DD2B1A529}.Ad-Hoc|x86.Deploy.0 = Release|Any CPU
		{B2818034-6E3A-4E6D-B9AF-729DD2B1A529}.AppStore|Any CPU.ActiveCfg = Release|Any CPU
		{B2818034-6E3A-4E6D-B9AF-729DD2B1A529}.AppStore|Any CPU.Build.0 = Release|Any CPU
		{B2818034-6E3A-4E6D-B9AF-729DD2B1A529}.AppStore|Any CPU.Deploy.0 = Release|Any CPU
		{B2818034-6E3A-4E6D-B9AF-729DD2B1A529}.AppStore|ARM.ActiveCfg = Release|Any CPU
		{B2818034-6E3A-4E6D-B9AF-729DD2B1A529}.AppStore|ARM.Build.0 = Release|Any CPU
		{B2818034-6E3A-4E6D-B9AF-729DD2B1A529}.AppStore|ARM.Deploy.0 = Release|Any CPU
		{B2818034-6E3A-4E6D-B9AF-729DD2B1A529}.AppStore|iPhone.ActiveCfg = Release|Any CPU
		{B2818034-6E3A-4E6D-B9AF-729DD2B1A529}.AppStore|iPhone.Build.0 = Release|Any CPU
		{B2818034-6E3A-4E6D-B9AF-729DD2B1A529}.AppStore|iPhone.Deploy.0 = Release|Any CPU
		{B2818034-6E3A-4E6D-B9AF-729DD2B1A529}.AppStore|iPhoneSimulator.ActiveCfg = Release|Any CPU
		{B2818034-6E3A-4E6D-B9AF-729DD2B1A529}.AppStore|iPhoneSimulator.Build.0 = Release|Any CPU
		{B2818034-6E3A-4E6D-B9AF-729DD2B1A529}.AppStore|iPhoneSimulator.Deploy.0 = Release|Any CPU
		{B2818034-6E3A-4E6D-B9AF-729DD2B1A529}.AppStore|x64.ActiveCfg = Release|Any CPU
		{B2818034-6E3A-4E6D-B9AF-729DD2B1A529}.AppStore|x64.Build.0 = Release|Any CPU
		{B2818034-6E3A-4E6D-B9AF-729DD2B1A529}.AppStore|x64.Deploy.0 = Release|Any CPU
		{B2818034-6E3A-4E6D-B9AF-729DD2B1A529}.AppStore|x86.ActiveCfg = Release|Any CPU
		{B2818034-6E3A-4E6D-B9AF-729DD2B1A529}.AppStore|x86.Build.0 = Release|Any CPU
		{B2818034-6E3A-4E6D-B9AF-729DD2B1A529}.AppStore|x86.Deploy.0 = Release|Any CPU
		{B2818034-6E3A-4E6D-B9AF-729DD2B1A529}.Debug|Any CPU.ActiveCfg = Debug|Any CPU
		{B2818034-6E3A-4E6D-B9AF-729DD2B1A529}.Debug|Any CPU.Build.0 = Debug|Any CPU
		{B2818034-6E3A-4E6D-B9AF-729DD2B1A529}.Debug|Any CPU.Deploy.0 = Debug|Any CPU
		{B2818034-6E3A-4E6D-B9AF-729DD2B1A529}.Debug|ARM.ActiveCfg = Debug|Any CPU
		{B2818034-6E3A-4E6D-B9AF-729DD2B1A529}.Debug|ARM.Build.0 = Debug|Any CPU
		{B2818034-6E3A-4E6D-B9AF-729DD2B1A529}.Debug|ARM.Deploy.0 = Debug|Any CPU
		{B2818034-6E3A-4E6D-B9AF-729DD2B1A529}.Debug|iPhone.ActiveCfg = Debug|Any CPU
		{B2818034-6E3A-4E6D-B9AF-729DD2B1A529}.Debug|iPhone.Build.0 = Debug|Any CPU
		{B2818034-6E3A-4E6D-B9AF-729DD2B1A529}.Debug|iPhone.Deploy.0 = Debug|Any CPU
		{B2818034-6E3A-4E6D-B9AF-729DD2B1A529}.Debug|iPhoneSimulator.ActiveCfg = Debug|Any CPU
		{B2818034-6E3A-4E6D-B9AF-729DD2B1A529}.Debug|iPhoneSimulator.Build.0 = Debug|Any CPU
		{B2818034-6E3A-4E6D-B9AF-729DD2B1A529}.Debug|iPhoneSimulator.Deploy.0 = Debug|Any CPU
		{B2818034-6E3A-4E6D-B9AF-729DD2B1A529}.Debug|x64.ActiveCfg = Debug|Any CPU
		{B2818034-6E3A-4E6D-B9AF-729DD2B1A529}.Debug|x64.Build.0 = Debug|Any CPU
		{B2818034-6E3A-4E6D-B9AF-729DD2B1A529}.Debug|x64.Deploy.0 = Debug|Any CPU
		{B2818034-6E3A-4E6D-B9AF-729DD2B1A529}.Debug|x86.ActiveCfg = Debug|Any CPU
		{B2818034-6E3A-4E6D-B9AF-729DD2B1A529}.Debug|x86.Build.0 = Debug|Any CPU
		{B2818034-6E3A-4E6D-B9AF-729DD2B1A529}.Debug|x86.Deploy.0 = Debug|Any CPU
		{B2818034-6E3A-4E6D-B9AF-729DD2B1A529}.Release|Any CPU.ActiveCfg = Release|Any CPU
		{B2818034-6E3A-4E6D-B9AF-729DD2B1A529}.Release|Any CPU.Build.0 = Release|Any CPU
		{B2818034-6E3A-4E6D-B9AF-729DD2B1A529}.Release|Any CPU.Deploy.0 = Release|Any CPU
		{B2818034-6E3A-4E6D-B9AF-729DD2B1A529}.Release|ARM.ActiveCfg = Release|Any CPU
		{B2818034-6E3A-4E6D-B9AF-729DD2B1A529}.Release|ARM.Build.0 = Release|Any CPU
		{B2818034-6E3A-4E6D-B9AF-729DD2B1A529}.Release|ARM.Deploy.0 = Release|Any CPU
		{B2818034-6E3A-4E6D-B9AF-729DD2B1A529}.Release|iPhone.ActiveCfg = Release|Any CPU
		{B2818034-6E3A-4E6D-B9AF-729DD2B1A529}.Release|iPhone.Build.0 = Release|Any CPU
		{B2818034-6E3A-4E6D-B9AF-729DD2B1A529}.Release|iPhone.Deploy.0 = Release|Any CPU
		{B2818034-6E3A-4E6D-B9AF-729DD2B1A529}.Release|iPhoneSimulator.ActiveCfg = Release|Any CPU
		{B2818034-6E3A-4E6D-B9AF-729DD2B1A529}.Release|iPhoneSimulator.Build.0 = Release|Any CPU
		{B2818034-6E3A-4E6D-B9AF-729DD2B1A529}.Release|iPhoneSimulator.Deploy.0 = Release|Any CPU
		{B2818034-6E3A-4E6D-B9AF-729DD2B1A529}.Release|x64.ActiveCfg = Release|Any CPU
		{B2818034-6E3A-4E6D-B9AF-729DD2B1A529}.Release|x64.Build.0 = Release|Any CPU
		{B2818034-6E3A-4E6D-B9AF-729DD2B1A529}.Release|x64.Deploy.0 = Release|Any CPU
		{B2818034-6E3A-4E6D-B9AF-729DD2B1A529}.Release|x86.ActiveCfg = Release|Any CPU
		{B2818034-6E3A-4E6D-B9AF-729DD2B1A529}.Release|x86.Build.0 = Release|Any CPU
		{B2818034-6E3A-4E6D-B9AF-729DD2B1A529}.Release|x86.Deploy.0 = Release|Any CPU
		{51719D7F-AA3E-4542-A268-A79AEB89F28C}.Ad-Hoc|Any CPU.ActiveCfg = Ad-Hoc|iPhone
		{51719D7F-AA3E-4542-A268-A79AEB89F28C}.Ad-Hoc|ARM.ActiveCfg = Ad-Hoc|iPhone
		{51719D7F-AA3E-4542-A268-A79AEB89F28C}.Ad-Hoc|iPhone.ActiveCfg = Ad-Hoc|iPhone
		{51719D7F-AA3E-4542-A268-A79AEB89F28C}.Ad-Hoc|iPhone.Build.0 = Ad-Hoc|iPhone
		{51719D7F-AA3E-4542-A268-A79AEB89F28C}.Ad-Hoc|iPhoneSimulator.ActiveCfg = Ad-Hoc|iPhoneSimulator
		{51719D7F-AA3E-4542-A268-A79AEB89F28C}.Ad-Hoc|iPhoneSimulator.Build.0 = Ad-Hoc|iPhoneSimulator
		{51719D7F-AA3E-4542-A268-A79AEB89F28C}.Ad-Hoc|x64.ActiveCfg = Ad-Hoc|iPhone
		{51719D7F-AA3E-4542-A268-A79AEB89F28C}.Ad-Hoc|x86.ActiveCfg = Ad-Hoc|iPhone
		{51719D7F-AA3E-4542-A268-A79AEB89F28C}.AppStore|Any CPU.ActiveCfg = AppStore|iPhone
		{51719D7F-AA3E-4542-A268-A79AEB89F28C}.AppStore|ARM.ActiveCfg = AppStore|iPhone
		{51719D7F-AA3E-4542-A268-A79AEB89F28C}.AppStore|iPhone.ActiveCfg = AppStore|iPhone
		{51719D7F-AA3E-4542-A268-A79AEB89F28C}.AppStore|iPhone.Build.0 = AppStore|iPhone
		{51719D7F-AA3E-4542-A268-A79AEB89F28C}.AppStore|iPhoneSimulator.ActiveCfg = AppStore|iPhoneSimulator
		{51719D7F-AA3E-4542-A268-A79AEB89F28C}.AppStore|iPhoneSimulator.Build.0 = AppStore|iPhoneSimulator
		{51719D7F-AA3E-4542-A268-A79AEB89F28C}.AppStore|x64.ActiveCfg = AppStore|iPhone
		{51719D7F-AA3E-4542-A268-A79AEB89F28C}.AppStore|x86.ActiveCfg = AppStore|iPhone
		{51719D7F-AA3E-4542-A268-A79AEB89F28C}.Debug|Any CPU.ActiveCfg = Debug|iPhone
		{51719D7F-AA3E-4542-A268-A79AEB89F28C}.Debug|ARM.ActiveCfg = Debug|iPhone
		{51719D7F-AA3E-4542-A268-A79AEB89F28C}.Debug|iPhone.ActiveCfg = Debug|iPhone
		{51719D7F-AA3E-4542-A268-A79AEB89F28C}.Debug|iPhone.Build.0 = Debug|iPhone
		{51719D7F-AA3E-4542-A268-A79AEB89F28C}.Debug|iPhoneSimulator.ActiveCfg = Debug|iPhoneSimulator
		{51719D7F-AA3E-4542-A268-A79AEB89F28C}.Debug|iPhoneSimulator.Build.0 = Debug|iPhoneSimulator
		{51719D7F-AA3E-4542-A268-A79AEB89F28C}.Debug|x64.ActiveCfg = Debug|iPhone
		{51719D7F-AA3E-4542-A268-A79AEB89F28C}.Debug|x86.ActiveCfg = Debug|iPhone
		{51719D7F-AA3E-4542-A268-A79AEB89F28C}.Release|Any CPU.ActiveCfg = Release|iPhone
		{51719D7F-AA3E-4542-A268-A79AEB89F28C}.Release|ARM.ActiveCfg = Release|iPhone
		{51719D7F-AA3E-4542-A268-A79AEB89F28C}.Release|iPhone.ActiveCfg = Release|iPhone
		{51719D7F-AA3E-4542-A268-A79AEB89F28C}.Release|iPhone.Build.0 = Release|iPhone
		{51719D7F-AA3E-4542-A268-A79AEB89F28C}.Release|iPhoneSimulator.ActiveCfg = Release|iPhoneSimulator
		{51719D7F-AA3E-4542-A268-A79AEB89F28C}.Release|iPhoneSimulator.Build.0 = Release|iPhoneSimulator
		{51719D7F-AA3E-4542-A268-A79AEB89F28C}.Release|x64.ActiveCfg = Release|iPhone
		{51719D7F-AA3E-4542-A268-A79AEB89F28C}.Release|x86.ActiveCfg = Release|iPhone
		{3B493786-0676-4C92-B4DA-7BF55026E8B8}.Ad-Hoc|Any CPU.ActiveCfg = Release|Any CPU
		{3B493786-0676-4C92-B4DA-7BF55026E8B8}.Ad-Hoc|Any CPU.Build.0 = Release|Any CPU
		{3B493786-0676-4C92-B4DA-7BF55026E8B8}.Ad-Hoc|ARM.ActiveCfg = Release|Any CPU
		{3B493786-0676-4C92-B4DA-7BF55026E8B8}.Ad-Hoc|ARM.Build.0 = Release|Any CPU
		{3B493786-0676-4C92-B4DA-7BF55026E8B8}.Ad-Hoc|iPhone.ActiveCfg = Release|Any CPU
		{3B493786-0676-4C92-B4DA-7BF55026E8B8}.Ad-Hoc|iPhone.Build.0 = Release|Any CPU
		{3B493786-0676-4C92-B4DA-7BF55026E8B8}.Ad-Hoc|iPhoneSimulator.ActiveCfg = Release|Any CPU
		{3B493786-0676-4C92-B4DA-7BF55026E8B8}.Ad-Hoc|iPhoneSimulator.Build.0 = Release|Any CPU
		{3B493786-0676-4C92-B4DA-7BF55026E8B8}.Ad-Hoc|x64.ActiveCfg = Release|Any CPU
		{3B493786-0676-4C92-B4DA-7BF55026E8B8}.Ad-Hoc|x64.Build.0 = Release|Any CPU
		{3B493786-0676-4C92-B4DA-7BF55026E8B8}.Ad-Hoc|x86.ActiveCfg = Release|Any CPU
		{3B493786-0676-4C92-B4DA-7BF55026E8B8}.Ad-Hoc|x86.Build.0 = Release|Any CPU
		{3B493786-0676-4C92-B4DA-7BF55026E8B8}.AppStore|Any CPU.ActiveCfg = Release|Any CPU
		{3B493786-0676-4C92-B4DA-7BF55026E8B8}.AppStore|Any CPU.Build.0 = Release|Any CPU
		{3B493786-0676-4C92-B4DA-7BF55026E8B8}.AppStore|ARM.ActiveCfg = Release|Any CPU
		{3B493786-0676-4C92-B4DA-7BF55026E8B8}.AppStore|ARM.Build.0 = Release|Any CPU
		{3B493786-0676-4C92-B4DA-7BF55026E8B8}.AppStore|iPhone.ActiveCfg = Release|Any CPU
		{3B493786-0676-4C92-B4DA-7BF55026E8B8}.AppStore|iPhone.Build.0 = Release|Any CPU
		{3B493786-0676-4C92-B4DA-7BF55026E8B8}.AppStore|iPhoneSimulator.ActiveCfg = Release|Any CPU
		{3B493786-0676-4C92-B4DA-7BF55026E8B8}.AppStore|iPhoneSimulator.Build.0 = Release|Any CPU
		{3B493786-0676-4C92-B4DA-7BF55026E8B8}.AppStore|x64.ActiveCfg = Release|Any CPU
		{3B493786-0676-4C92-B4DA-7BF55026E8B8}.AppStore|x64.Build.0 = Release|Any CPU
		{3B493786-0676-4C92-B4DA-7BF55026E8B8}.AppStore|x86.ActiveCfg = Release|Any CPU
		{3B493786-0676-4C92-B4DA-7BF55026E8B8}.AppStore|x86.Build.0 = Release|Any CPU
		{3B493786-0676-4C92-B4DA-7BF55026E8B8}.Debug|Any CPU.ActiveCfg = Debug|Any CPU
		{3B493786-0676-4C92-B4DA-7BF55026E8B8}.Debug|Any CPU.Build.0 = Debug|Any CPU
		{3B493786-0676-4C92-B4DA-7BF55026E8B8}.Debug|ARM.ActiveCfg = Debug|Any CPU
		{3B493786-0676-4C92-B4DA-7BF55026E8B8}.Debug|ARM.Build.0 = Debug|Any CPU
		{3B493786-0676-4C92-B4DA-7BF55026E8B8}.Debug|iPhone.ActiveCfg = Debug|Any CPU
		{3B493786-0676-4C92-B4DA-7BF55026E8B8}.Debug|iPhone.Build.0 = Debug|Any CPU
		{3B493786-0676-4C92-B4DA-7BF55026E8B8}.Debug|iPhoneSimulator.ActiveCfg = Debug|Any CPU
		{3B493786-0676-4C92-B4DA-7BF55026E8B8}.Debug|iPhoneSimulator.Build.0 = Debug|Any CPU
		{3B493786-0676-4C92-B4DA-7BF55026E8B8}.Debug|x64.ActiveCfg = Debug|Any CPU
		{3B493786-0676-4C92-B4DA-7BF55026E8B8}.Debug|x64.Build.0 = Debug|Any CPU
		{3B493786-0676-4C92-B4DA-7BF55026E8B8}.Debug|x86.ActiveCfg = Debug|Any CPU
		{3B493786-0676-4C92-B4DA-7BF55026E8B8}.Debug|x86.Build.0 = Debug|Any CPU
		{3B493786-0676-4C92-B4DA-7BF55026E8B8}.Release|Any CPU.ActiveCfg = Release|Any CPU
		{3B493786-0676-4C92-B4DA-7BF55026E8B8}.Release|Any CPU.Build.0 = Release|Any CPU
		{3B493786-0676-4C92-B4DA-7BF55026E8B8}.Release|ARM.ActiveCfg = Release|Any CPU
		{3B493786-0676-4C92-B4DA-7BF55026E8B8}.Release|ARM.Build.0 = Release|Any CPU
		{3B493786-0676-4C92-B4DA-7BF55026E8B8}.Release|iPhone.ActiveCfg = Release|Any CPU
		{3B493786-0676-4C92-B4DA-7BF55026E8B8}.Release|iPhone.Build.0 = Release|Any CPU
		{3B493786-0676-4C92-B4DA-7BF55026E8B8}.Release|iPhoneSimulator.ActiveCfg = Release|Any CPU
		{3B493786-0676-4C92-B4DA-7BF55026E8B8}.Release|iPhoneSimulator.Build.0 = Release|Any CPU
		{3B493786-0676-4C92-B4DA-7BF55026E8B8}.Release|x64.ActiveCfg = Release|Any CPU
		{3B493786-0676-4C92-B4DA-7BF55026E8B8}.Release|x64.Build.0 = Release|Any CPU
		{3B493786-0676-4C92-B4DA-7BF55026E8B8}.Release|x86.ActiveCfg = Release|Any CPU
		{3B493786-0676-4C92-B4DA-7BF55026E8B8}.Release|x86.Build.0 = Release|Any CPU
	EndGlobalSection
	GlobalSection(SolutionProperties) = preSolution
		HideSolutionNode = FALSE
	EndGlobalSection
	GlobalSection(NestedProjects) = preSolution
		{5425C0B2-6C87-4670-8D21-3A086809C4D3} = {9CDEAD74-5C90-4C1E-93E7-BA788B241D8C}
		{B2818034-6E3A-4E6D-B9AF-729DD2B1A529} = {9CDEAD74-5C90-4C1E-93E7-BA788B241D8C}
		{51719D7F-AA3E-4542-A268-A79AEB89F28C} = {9CDEAD74-5C90-4C1E-93E7-BA788B241D8C}
		{3B493786-0676-4C92-B4DA-7BF55026E8B8} = {9CDEAD74-5C90-4C1E-93E7-BA788B241D8C}
	EndGlobalSection
EndGlobal
